{
  "name": "@some-org/components",
  "version": "1.0.0",
  "lockfileVersion": 1,
  "requires": true,
  "dependencies": {
    "@babel/helper-annotate-as-pure": {
      "version": "7.12.13",
      "resolved": "https://registry.npmjs.org/@babel/helper-annotate-as-pure/-/helper-annotate-as-pure-7.12.13.tgz",
      "integrity": "sha512-7YXfX5wQ5aYM/BOlbSccHDbuXXFPxeoUmfWtz8le2yTkTZc+BxsiEnENFoi2SlmA8ewDkG2LgIMIVzzn2h8kfw==",
      "dev": true,
      "requires": {
        "@babel/types": "^7.12.13"
      }
    },
    "@babel/helper-module-imports": {
      "version": "7.13.12",
      "resolved": "https://registry.npmjs.org/@babel/helper-module-imports/-/helper-module-imports-7.13.12.tgz",
      "integrity": "sha512-4cVvR2/1B693IuOvSI20xqqa/+bl7lqAMR59R4iu39R9aOX8/JoYY1sFaNvUMyMBGnHdwvJgUrzNLoUZxXypxA==",
      "dev": true,
      "requires": {
        "@babel/types": "^7.13.12"
      }
    },
    "@babel/helper-plugin-utils": {
      "version": "7.13.0",
      "resolved": "https://registry.npmjs.org/@babel/helper-plugin-utils/-/helper-plugin-utils-7.13.0.tgz",
      "integrity": "sha512-ZPafIPSwzUlAoWT8DKs1W2VyF2gOWthGd5NGFMsBcMMol+ZhK+EQY/e6V96poa6PA/Bh+C9plWN0hXO1uB8AfQ==",
      "dev": true
    },
    "@babel/helper-validator-identifier": {
      "version": "7.14.0",
      "resolved": "https://registry.npmjs.org/@babel/helper-validator-identifier/-/helper-validator-identifier-7.14.0.tgz",
      "integrity": "sha512-V3ts7zMSu5lfiwWDVWzRDGIN+lnCEUdaXgtVHJgLb1rGaA6jMrtB9EmE7L18foXJIE8Un/A/h6NJfGQp/e1J4A==",
      "dev": true
    },
    "@babel/helper-validator-option": {
      "version": "7.12.17",
      "resolved": "https://registry.npmjs.org/@babel/helper-validator-option/-/helper-validator-option-7.12.17.tgz",
      "integrity": "sha512-TopkMDmLzq8ngChwRlyjR6raKD6gMSae4JdYDB8bByKreQgG0RBTuKe9LRxW3wFtUnjxOPRKBDwEH6Mg5KeDfw==",
      "dev": true
    },
    "@babel/plugin-syntax-jsx": {
      "version": "7.12.13",
      "resolved": "https://registry.npmjs.org/@babel/plugin-syntax-jsx/-/plugin-syntax-jsx-7.12.13.tgz",
      "integrity": "sha512-d4HM23Q1K7oq/SLNmG6mRt85l2csmQ0cHRaxRXjKW0YFdEXqlZ5kzFQKH5Uc3rDJECgu+yCRgPkG04Mm98R/1g==",
      "dev": true,
      "requires": {
        "@babel/helper-plugin-utils": "^7.12.13"
      }
    },
    "@babel/plugin-transform-react-display-name": {
      "version": "7.14.2",
      "resolved": "https://registry.npmjs.org/@babel/plugin-transform-react-display-name/-/plugin-transform-react-display-name-7.14.2.tgz",
      "integrity": "sha512-zCubvP+jjahpnFJvPaHPiGVfuVUjXHhFvJKQdNnsmSsiU9kR/rCZ41jHc++tERD2zV+p7Hr6is+t5b6iWTCqSw==",
      "dev": true,
      "requires": {
        "@babel/helper-plugin-utils": "^7.13.0"
      }
    },
    "@babel/plugin-transform-react-jsx": {
      "version": "7.14.3",
      "resolved": "https://registry.npmjs.org/@babel/plugin-transform-react-jsx/-/plugin-transform-react-jsx-7.14.3.tgz",
      "integrity": "sha512-uuxuoUNVhdgYzERiHHFkE4dWoJx+UFVyuAl0aqN8P2/AKFHwqgUC5w2+4/PjpKXJsFgBlYAFXlUmDQ3k3DUkXw==",
      "dev": true,
      "requires": {
        "@babel/helper-annotate-as-pure": "^7.12.13",
        "@babel/helper-module-imports": "^7.13.12",
        "@babel/helper-plugin-utils": "^7.13.0",
        "@babel/plugin-syntax-jsx": "^7.12.13",
        "@babel/types": "^7.14.2"
      }
    },
    "@babel/plugin-transform-react-jsx-development": {
      "version": "7.12.17",
      "resolved": "https://registry.npmjs.org/@babel/plugin-transform-react-jsx-development/-/plugin-transform-react-jsx-development-7.12.17.tgz",
      "integrity": "sha512-BPjYV86SVuOaudFhsJR1zjgxxOhJDt6JHNoD48DxWEIxUCAMjV1ys6DYw4SDYZh0b1QsS2vfIA9t/ZsQGsDOUQ==",
      "dev": true,
      "requires": {
        "@babel/plugin-transform-react-jsx": "^7.12.17"
      }
    },
    "@babel/plugin-transform-react-pure-annotations": {
      "version": "7.12.1",
      "resolved": "https://registry.npmjs.org/@babel/plugin-transform-react-pure-annotations/-/plugin-transform-react-pure-annotations-7.12.1.tgz",
      "integrity": "sha512-RqeaHiwZtphSIUZ5I85PEH19LOSzxfuEazoY7/pWASCAIBuATQzpSVD+eT6MebeeZT2F4eSL0u4vw6n4Nm0Mjg==",
      "dev": true,
      "requires": {
        "@babel/helper-annotate-as-pure": "^7.10.4",
        "@babel/helper-plugin-utils": "^7.10.4"
      }
    },
    "@babel/preset-react": {
      "version": "7.13.13",
      "resolved": "https://registry.npmjs.org/@babel/preset-react/-/preset-react-7.13.13.tgz",
      "integrity": "sha512-gx+tDLIE06sRjKJkVtpZ/t3mzCDOnPG+ggHZG9lffUbX8+wC739x20YQc9V35Do6ZAxaUc/HhVHIiOzz5MvDmA==",
      "dev": true,
      "requires": {
        "@babel/helper-plugin-utils": "^7.13.0",
        "@babel/helper-validator-option": "^7.12.17",
        "@babel/plugin-transform-react-display-name": "^7.12.13",
        "@babel/plugin-transform-react-jsx": "^7.13.12",
        "@babel/plugin-transform-react-jsx-development": "^7.12.17",
        "@babel/plugin-transform-react-pure-annotations": "^7.12.1"
      }
    },
    "@babel/types": {
      "version": "7.14.2",
      "resolved": "https://registry.npmjs.org/@babel/types/-/types-7.14.2.tgz",
      "integrity": "sha512-SdjAG/3DikRHpUOjxZgnkbR11xUlyDMUFJdvnIgZEE16mqmY0BINMmc4//JMJglEmn6i7sq6p+mGrFWyZ98EEw==",
      "dev": true,
      "requires": {
        "@babel/helper-validator-identifier": "^7.14.0",
        "to-fast-properties": "^2.0.0"
      }
    },
    "@material-ui/core": {
      "version": "5.0.0-alpha.28",
      "resolved": "https://registry.npmjs.org/@material-ui/core/-/core-5.0.0-alpha.28.tgz",
      "integrity": "sha512-84m51Xj2TW+EUVnhUrQg7yrypP7grlNqg6KmIejL7QpCZ6ctE1f5Myvp9hClm4j10niwsvyFzqQC0NrVIkFkeA==",
      "requires": {
        "@babel/runtime": "^7.4.4",
        "@material-ui/styled-engine": "5.0.0-alpha.25",
        "@material-ui/styles": "5.0.0-alpha.28",
        "@material-ui/system": "5.0.0-alpha.28",
        "@material-ui/types": "5.1.7",
        "@material-ui/unstyled": "5.0.0-alpha.28",
        "@material-ui/utils": "5.0.0-alpha.28",
        "@popperjs/core": "^2.4.4",
        "@types/react-transition-group": "^4.2.0",
        "clsx": "^1.0.4",
        "csstype": "^3.0.2",
        "hoist-non-react-statics": "^3.3.2",
        "prop-types": "^15.7.2",
        "react-is": "^17.0.0",
        "react-transition-group": "^4.4.0"
      },
      "dependencies": {
        "@babel/runtime": {
          "version": "7.14.0",
          "resolved": "https://registry.npmjs.org/@babel/runtime/-/runtime-7.14.0.tgz",
          "integrity": "sha512-JELkvo/DlpNdJ7dlyw/eY7E0suy5i5GQH+Vlxaq1nsNJ+H7f4Vtv3jMeCEgRhZZQFXTjldYfQgv2qmM6M1v5wA==",
          "requires": {
            "regenerator-runtime": "^0.13.4"
          }
        },
        "@emotion/cache": {
          "version": "11.4.0",
          "resolved": "https://registry.npmjs.org/@emotion/cache/-/cache-11.4.0.tgz",
          "integrity": "sha512-Zx70bjE7LErRO9OaZrhf22Qye1y4F7iDl+ITjet0J+i+B88PrAOBkKvaAWhxsZf72tDLajwCgfCjJ2dvH77C3g==",
          "requires": {
            "@emotion/memoize": "^0.7.4",
            "@emotion/sheet": "^1.0.0",
            "@emotion/utils": "^1.0.0",
            "@emotion/weak-memoize": "^0.2.5",
            "stylis": "^4.0.3"
          }
        },
        "@emotion/hash": {
          "version": "0.8.0",
          "resolved": "https://registry.npmjs.org/@emotion/hash/-/hash-0.8.0.tgz",
          "integrity": "sha512-kBJtf7PH6aWwZ6fka3zQ0p6SBYzx4fl1LoZXE2RrnYST9Xljm7WfKJrU4g/Xr3Beg72MLrp1AWNUmuYJTL7Cow=="
        },
        "@emotion/memoize": {
          "version": "0.7.5",
          "resolved": "https://registry.npmjs.org/@emotion/memoize/-/memoize-0.7.5.tgz",
          "integrity": "sha512-igX9a37DR2ZPGYtV6suZ6whr8pTFtyHL3K/oLUotxpSVO2ASaprmAe2Dkq7tBo7CRY7MMDrAa9nuQP9/YG8FxQ=="
        },
        "@emotion/sheet": {
          "version": "1.0.1",
          "resolved": "https://registry.npmjs.org/@emotion/sheet/-/sheet-1.0.1.tgz",
          "integrity": "sha512-GbIvVMe4U+Zc+929N1V7nW6YYJtidj31lidSmdYcWozwoBIObXBnaJkKNDjZrLm9Nc0BR+ZyHNaRZxqNZbof5g=="
        },
        "@emotion/utils": {
          "version": "1.0.0",
          "resolved": "https://registry.npmjs.org/@emotion/utils/-/utils-1.0.0.tgz",
          "integrity": "sha512-mQC2b3XLDs6QCW+pDQDiyO/EdGZYOygE8s5N5rrzjSI4M3IejPE/JPndCBwRT9z982aqQNi6beWs1UeayrQxxA=="
        },
        "@emotion/weak-memoize": {
          "version": "0.2.5",
          "resolved": "https://registry.npmjs.org/@emotion/weak-memoize/-/weak-memoize-0.2.5.tgz",
          "integrity": "sha512-6U71C2Wp7r5XtFtQzYrW5iKFT67OixrSxjI4MptCHzdSVlgabczzqLe0ZSgnub/5Kp4hSbpDB1tMytZY9pwxxA=="
        },
        "@material-ui/styled-engine": {
          "version": "5.0.0-alpha.25",
          "resolved": "https://registry.npmjs.org/@material-ui/styled-engine/-/styled-engine-5.0.0-alpha.25.tgz",
          "integrity": "sha512-z9piABOWycFx1yA9Th8MAs/03SfVOobh+4X1owZmOzXVSln3Xm0C3GjsFmfUpYMC8oC0vddFj00IcCCxm0OECg==",
          "requires": {
            "@babel/runtime": "^7.4.4",
            "@emotion/cache": "^11.0.0",
            "prop-types": "^15.7.2"
          }
        },
        "@material-ui/styles": {
          "version": "5.0.0-alpha.28",
          "resolved": "https://registry.npmjs.org/@material-ui/styles/-/styles-5.0.0-alpha.28.tgz",
          "integrity": "sha512-1MUAkvJTXYasyZtcvRHiynonFH3O2GeJkZYBPEsxoH44iIxNRYI7joeIHqoaTKowCJw3FZvpoG9dRE1vw1kMFw==",
          "requires": {
            "@babel/runtime": "^7.4.4",
            "@emotion/hash": "^0.8.0",
            "@material-ui/types": "5.1.7",
            "@material-ui/utils": "5.0.0-alpha.28",
            "clsx": "^1.0.4",
            "csstype": "^3.0.2",
            "hoist-non-react-statics": "^3.3.2",
            "jss": "^10.0.3",
            "jss-plugin-camel-case": "^10.0.3",
            "jss-plugin-default-unit": "^10.0.3",
            "jss-plugin-global": "^10.0.3",
            "jss-plugin-nested": "^10.0.3",
            "jss-plugin-props-sort": "^10.0.3",
            "jss-plugin-rule-value-function": "^10.0.3",
            "jss-plugin-vendor-prefixer": "^10.0.3",
            "prop-types": "^15.7.2"
          }
        },
        "@material-ui/system": {
          "version": "5.0.0-alpha.28",
          "resolved": "https://registry.npmjs.org/@material-ui/system/-/system-5.0.0-alpha.28.tgz",
          "integrity": "sha512-znud/caYPlPrnOSqcX3xCC088326hUR6B5oCGemu35+HLk96cFCYKCHOXZRDU7NMqaXpiV1dQP1iYQDdik4kiQ==",
          "requires": {
            "@babel/runtime": "^7.4.4",
            "@material-ui/utils": "5.0.0-alpha.28",
            "csstype": "^3.0.2",
            "prop-types": "^15.7.2"
          }
        },
        "@material-ui/types": {
          "version": "5.1.7",
          "resolved": "https://registry.npmjs.org/@material-ui/types/-/types-5.1.7.tgz",
          "integrity": "sha512-OSpB0gEKZm5h4izTLyipb34PkfazpvusgQMDTmFkSuqcKoChTshfGejEYX6uaZ+4m5xlT5qzihE6eKA+JnjELg=="
        },
        "@material-ui/unstyled": {
          "version": "5.0.0-alpha.28",
          "resolved": "https://registry.npmjs.org/@material-ui/unstyled/-/unstyled-5.0.0-alpha.28.tgz",
          "integrity": "sha512-cZBfzkav+fXrh/aYC7fBzHgbOjq8r/IdLrr2ijRm14E0VFxnOFephrMW2+YIR15k5UYU7GBAB3JpKkAzYdFaKQ==",
          "requires": {
            "@babel/runtime": "^7.4.4",
            "@material-ui/utils": "5.0.0-alpha.28",
            "clsx": "^1.0.4",
            "prop-types": "^15.7.2",
            "react-is": "^17.0.0"
          }
        },
        "@material-ui/utils": {
          "version": "5.0.0-alpha.28",
          "resolved": "https://registry.npmjs.org/@material-ui/utils/-/utils-5.0.0-alpha.28.tgz",
          "integrity": "sha512-WNdnF6EapcQ0x1pcQp/jiQwtKiDipg0awnljQpffEfc+mUhDcwebLsNsglo0++J2ZGXs5DeXIXBXN73MWFD52A==",
          "requires": {
            "@babel/runtime": "^7.4.4",
            "@types/prop-types": "^15.7.3",
            "@types/react-is": "^16.7.1 || ^17.0.0",
            "prop-types": "^15.7.2",
            "react-is": "^17.0.0"
          }
        },
        "@popperjs/core": {
          "version": "2.9.2",
          "resolved": "https://registry.npmjs.org/@popperjs/core/-/core-2.9.2.tgz",
          "integrity": "sha512-VZMYa7+fXHdwIq1TDhSXoVmSPEGM/aa+6Aiq3nVVJ9bXr24zScr+NlKFKC3iPljA7ho/GAZr+d2jOf5GIRC30Q=="
        },
        "@types/prop-types": {
          "version": "15.7.3",
          "resolved": "https://registry.npmjs.org/@types/prop-types/-/prop-types-15.7.3.tgz",
          "integrity": "sha512-KfRL3PuHmqQLOG+2tGpRO26Ctg+Cq1E01D2DMriKEATHgWLfeNDmq9e29Q9WIky0dQ3NPkd1mzYH8Lm936Z9qw=="
        },
        "@types/react": {
          "version": "17.0.6",
          "resolved": "https://registry.npmjs.org/@types/react/-/react-17.0.6.tgz",
          "integrity": "sha512-u/TtPoF/hrvb63LdukET6ncaplYsvCvmkceasx8oG84/ZCsoLxz9Z/raPBP4lTAiWW1Jb889Y9svHmv8R26dWw==",
          "requires": {
            "@types/prop-types": "*",
            "@types/scheduler": "*",
            "csstype": "^3.0.2"
          }
        },
        "@types/react-is": {
          "version": "17.0.0",
          "resolved": "https://registry.npmjs.org/@types/react-is/-/react-is-17.0.0.tgz",
          "integrity": "sha512-A0DQ1YWZ0RG2+PV7neAotNCIh8gZ3z7tQnDJyS2xRPDNtAtSPcJ9YyfMP8be36Ha0kQRzbZCrrTMznA4blqO5g==",
          "requires": {
            "@types/react": "*"
          }
        },
        "@types/react-transition-group": {
          "version": "4.4.1",
          "resolved": "https://registry.npmjs.org/@types/react-transition-group/-/react-transition-group-4.4.1.tgz",
          "integrity": "sha512-vIo69qKKcYoJ8wKCJjwSgCTM+z3chw3g18dkrDfVX665tMH7tmbDxEAnPdey4gTlwZz5QuHGzd+hul0OVZDqqQ==",
          "requires": {
            "@types/react": "*"
          }
        },
        "@types/scheduler": {
          "version": "0.16.1",
          "resolved": "https://registry.npmjs.org/@types/scheduler/-/scheduler-0.16.1.tgz",
          "integrity": "sha512-EaCxbanVeyxDRTQBkdLb3Bvl/HK7PBK6UJjsSixB0iHKoWxE5uu2Q/DgtpOhPIojN0Zl1whvOd7PoHs2P0s5eA=="
        },
        "clsx": {
          "version": "1.1.1",
          "resolved": "https://registry.npmjs.org/clsx/-/clsx-1.1.1.tgz",
          "integrity": "sha512-6/bPho624p3S2pMyvP5kKBPXnI3ufHLObBFCfgx+LkeR5lg2XYy2hqZqUf45ypD8COn2bhgGJSUE+l5dhNBieA=="
        },
        "css-vendor": {
          "version": "2.0.8",
          "resolved": "https://registry.npmjs.org/css-vendor/-/css-vendor-2.0.8.tgz",
          "integrity": "sha512-x9Aq0XTInxrkuFeHKbYC7zWY8ai7qJ04Kxd9MnvbC1uO5DagxoHQjm4JvG+vCdXOoFtCjbL2XSZfxmoYa9uQVQ==",
          "requires": {
            "@babel/runtime": "^7.8.3",
            "is-in-browser": "^1.0.2"
          }
        },
        "csstype": {
          "version": "3.0.8",
          "resolved": "https://registry.npmjs.org/csstype/-/csstype-3.0.8.tgz",
          "integrity": "sha512-jXKhWqXPmlUeoQnF/EhTtTl4C9SnrxSH/jZUih3jmO6lBKr99rP3/+FmrMj4EFpOXzMtXHAZkd3x0E6h6Fgflw=="
        },
        "dom-helpers": {
          "version": "5.2.1",
          "resolved": "https://registry.npmjs.org/dom-helpers/-/dom-helpers-5.2.1.tgz",
          "integrity": "sha512-nRCa7CK3VTrM2NmGkIy4cbK7IZlgBE/PYMn55rrXefr5xXDP0LdtfPnblFDoVdcAfslJ7or6iqAUnx0CCGIWQA==",
          "requires": {
            "@babel/runtime": "^7.8.7",
            "csstype": "^3.0.2"
          }
        },
        "hoist-non-react-statics": {
          "version": "3.3.2",
          "resolved": "https://registry.npmjs.org/hoist-non-react-statics/-/hoist-non-react-statics-3.3.2.tgz",
          "integrity": "sha512-/gGivxi8JPKWNm/W0jSmzcMPpfpPLc3dY/6GxhX2hQ9iGj3aDfklV4ET7NjKpSinLpJ5vafa9iiGIEZg10SfBw==",
          "requires": {
            "react-is": "^16.7.0"
          },
          "dependencies": {
            "react-is": {
              "version": "16.13.1",
              "resolved": "https://registry.npmjs.org/react-is/-/react-is-16.13.1.tgz",
              "integrity": "sha512-24e6ynE2H+OKt4kqsOvNd8kBpV65zoxbA4BVsEOB3ARVWQki/DHzaUoC5KuON/BiccDaCCTZBuOcfZs70kR8bQ=="
            }
          }
        },
        "hyphenate-style-name": {
          "version": "1.0.4",
          "resolved": "https://registry.npmjs.org/hyphenate-style-name/-/hyphenate-style-name-1.0.4.tgz",
          "integrity": "sha512-ygGZLjmXfPHj+ZWh6LwbC37l43MhfztxetbFCoYTM2VjkIUpeHgSNn7QIyVFj7YQ1Wl9Cbw5sholVJPzWvC2MQ=="
        },
        "indefinite-observable": {
          "version": "2.0.1",
          "resolved": "https://registry.npmjs.org/indefinite-observable/-/indefinite-observable-2.0.1.tgz",
          "integrity": "sha512-G8vgmork+6H9S8lUAg1gtXEj2JxIQTo0g2PbFiYOdjkziSI0F7UYBiVwhZRuixhBCNGczAls34+5HJPyZysvxQ==",
          "requires": {
            "symbol-observable": "1.2.0"
          }
        },
        "is-in-browser": {
          "version": "1.1.3",
          "resolved": "https://registry.npmjs.org/is-in-browser/-/is-in-browser-1.1.3.tgz",
          "integrity": "sha1-Vv9NtoOgeMYILrldrX3GLh0E+DU="
        },
        "js-tokens": {
          "version": "4.0.0",
          "resolved": "https://registry.npmjs.org/js-tokens/-/js-tokens-4.0.0.tgz",
          "integrity": "sha512-RdJUflcE3cUzKiMqQgsCu06FPu9UdIJO0beYbPhHN4k6apgJtifcoCtT9bcxOpYBtpD2kCM6Sbzg4CausW/PKQ=="
        },
        "jss": {
          "version": "10.6.0",
          "resolved": "https://registry.npmjs.org/jss/-/jss-10.6.0.tgz",
          "integrity": "sha512-n7SHdCozmxnzYGXBHe0NsO0eUf9TvsHVq2MXvi4JmTn3x5raynodDVE/9VQmBdWFyyj9HpHZ2B4xNZ7MMy7lkw==",
          "requires": {
            "@babel/runtime": "^7.3.1",
            "csstype": "^3.0.2",
            "indefinite-observable": "^2.0.1",
            "is-in-browser": "^1.1.3",
            "tiny-warning": "^1.0.2"
          }
        },
        "jss-plugin-camel-case": {
          "version": "10.6.0",
          "resolved": "https://registry.npmjs.org/jss-plugin-camel-case/-/jss-plugin-camel-case-10.6.0.tgz",
          "integrity": "sha512-JdLpA3aI/npwj3nDMKk308pvnhoSzkW3PXlbgHAzfx0yHWnPPVUjPhXFtLJzgKZge8lsfkUxvYSQ3X2OYIFU6A==",
          "requires": {
            "@babel/runtime": "^7.3.1",
            "hyphenate-style-name": "^1.0.3",
            "jss": "10.6.0"
          }
        },
        "jss-plugin-default-unit": {
          "version": "10.6.0",
          "resolved": "https://registry.npmjs.org/jss-plugin-default-unit/-/jss-plugin-default-unit-10.6.0.tgz",
          "integrity": "sha512-7y4cAScMHAxvslBK2JRK37ES9UT0YfTIXWgzUWD5euvR+JR3q+o8sQKzBw7GmkQRfZijrRJKNTiSt1PBsLI9/w==",
          "requires": {
            "@babel/runtime": "^7.3.1",
            "jss": "10.6.0"
          }
        },
        "jss-plugin-global": {
          "version": "10.6.0",
          "resolved": "https://registry.npmjs.org/jss-plugin-global/-/jss-plugin-global-10.6.0.tgz",
          "integrity": "sha512-I3w7ji/UXPi3VuWrTCbHG9rVCgB4yoBQLehGDTmsnDfXQb3r1l3WIdcO8JFp9m0YMmyy2CU7UOV6oPI7/Tmu+w==",
          "requires": {
            "@babel/runtime": "^7.3.1",
            "jss": "10.6.0"
          }
        },
        "jss-plugin-nested": {
          "version": "10.6.0",
          "resolved": "https://registry.npmjs.org/jss-plugin-nested/-/jss-plugin-nested-10.6.0.tgz",
          "integrity": "sha512-fOFQWgd98H89E6aJSNkEh2fAXquC9aZcAVjSw4q4RoQ9gU++emg18encR4AT4OOIFl4lQwt5nEyBBRn9V1Rk8g==",
          "requires": {
            "@babel/runtime": "^7.3.1",
            "jss": "10.6.0",
            "tiny-warning": "^1.0.2"
          }
        },
        "jss-plugin-props-sort": {
          "version": "10.6.0",
          "resolved": "https://registry.npmjs.org/jss-plugin-props-sort/-/jss-plugin-props-sort-10.6.0.tgz",
          "integrity": "sha512-oMCe7hgho2FllNc60d9VAfdtMrZPo9n1Iu6RNa+3p9n0Bkvnv/XX5San8fTPujrTBScPqv9mOE0nWVvIaohNuw==",
          "requires": {
            "@babel/runtime": "^7.3.1",
            "jss": "10.6.0"
          }
        },
        "jss-plugin-rule-value-function": {
          "version": "10.6.0",
          "resolved": "https://registry.npmjs.org/jss-plugin-rule-value-function/-/jss-plugin-rule-value-function-10.6.0.tgz",
          "integrity": "sha512-TKFqhRTDHN1QrPTMYRlIQUOC2FFQb271+AbnetURKlGvRl/eWLswcgHQajwuxI464uZk91sPiTtdGi7r7XaWfA==",
          "requires": {
            "@babel/runtime": "^7.3.1",
            "jss": "10.6.0",
            "tiny-warning": "^1.0.2"
          }
        },
        "jss-plugin-vendor-prefixer": {
          "version": "10.6.0",
          "resolved": "https://registry.npmjs.org/jss-plugin-vendor-prefixer/-/jss-plugin-vendor-prefixer-10.6.0.tgz",
          "integrity": "sha512-doJ7MouBXT1lypLLctCwb4nJ6lDYqrTfVS3LtXgox42Xz0gXusXIIDboeh6UwnSmox90QpVnub7au8ybrb0krQ==",
          "requires": {
            "@babel/runtime": "^7.3.1",
            "css-vendor": "^2.0.8",
            "jss": "10.6.0"
          }
        },
        "loose-envify": {
          "version": "1.4.0",
          "resolved": "https://registry.npmjs.org/loose-envify/-/loose-envify-1.4.0.tgz",
          "integrity": "sha512-lyuxPGr/Wfhrlem2CL/UcnUc1zcqKAImBDzukY7Y5F/yQiNdko6+fRLevlw1HgMySw7f611UIY408EtxRSoK3Q==",
          "requires": {
            "js-tokens": "^3.0.0 || ^4.0.0"
          }
        },
        "object-assign": {
          "version": "4.1.1",
          "resolved": "https://registry.npmjs.org/object-assign/-/object-assign-4.1.1.tgz",
          "integrity": "sha1-IQmtx5ZYh8/AXLvUQsrIv7s2CGM="
        },
        "prop-types": {
          "version": "15.7.2",
          "resolved": "https://registry.npmjs.org/prop-types/-/prop-types-15.7.2.tgz",
          "integrity": "sha512-8QQikdH7//R2vurIJSutZ1smHYTcLpRWEOlHnzcWHmBYrOGUysKwSsrC89BCiFj3CbrfJ/nXFdJepOVrY1GCHQ==",
          "requires": {
            "loose-envify": "^1.4.0",
            "object-assign": "^4.1.1",
            "react-is": "^16.8.1"
          },
          "dependencies": {
            "react-is": {
              "version": "16.13.1",
              "resolved": "https://registry.npmjs.org/react-is/-/react-is-16.13.1.tgz",
              "integrity": "sha512-24e6ynE2H+OKt4kqsOvNd8kBpV65zoxbA4BVsEOB3ARVWQki/DHzaUoC5KuON/BiccDaCCTZBuOcfZs70kR8bQ=="
            }
          }
        },
        "react-is": {
          "version": "17.0.2",
          "resolved": "https://registry.npmjs.org/react-is/-/react-is-17.0.2.tgz",
          "integrity": "sha512-w2GsyukL62IJnlaff/nRegPQR94C/XXamvMWmSHRJ4y7Ts/4ocGRmTHvOs8PSE6pB3dWOrD/nueuU5sduBsQ4w=="
        },
        "react-transition-group": {
          "version": "4.4.1",
          "resolved": "https://registry.npmjs.org/react-transition-group/-/react-transition-group-4.4.1.tgz",
          "integrity": "sha512-Djqr7OQ2aPUiYurhPalTrVy9ddmFCCzwhqQmtN+J3+3DzLO209Fdr70QrN8Z3DsglWql6iY1lDWAfpFiBtuKGw==",
          "requires": {
            "@babel/runtime": "^7.5.5",
            "dom-helpers": "^5.0.1",
            "loose-envify": "^1.4.0",
            "prop-types": "^15.6.2"
          }
        },
        "regenerator-runtime": {
          "version": "0.13.7",
          "resolved": "https://registry.npmjs.org/regenerator-runtime/-/regenerator-runtime-0.13.7.tgz",
          "integrity": "sha512-a54FxoJDIr27pgf7IgeQGxmqUNYrcV338lf/6gH456HZ/PhX+5BcwHXG9ajESmwe6WRO0tAzRUrRmNONWgkrew=="
        },
        "stylis": {
          "version": "4.0.10",
          "resolved": "https://registry.npmjs.org/stylis/-/stylis-4.0.10.tgz",
          "integrity": "sha512-m3k+dk7QeJw660eIKRRn3xPF6uuvHs/FFzjX3HQ5ove0qYsiygoAhwn5a3IYKaZPo5LrYD0rfVmtv1gNY1uYwg=="
        },
        "symbol-observable": {
          "version": "1.2.0",
          "resolved": "https://registry.npmjs.org/symbol-observable/-/symbol-observable-1.2.0.tgz",
          "integrity": "sha512-e900nM8RRtGhlV36KGEU9k65K3mPb1WV70OdjfxlG2EAuM1noi/E/BaW/uMhL7bPEssK8QV57vN3esixjUvcXQ=="
        },
        "tiny-warning": {
          "version": "1.0.3",
          "resolved": "https://registry.npmjs.org/tiny-warning/-/tiny-warning-1.0.3.tgz",
          "integrity": "sha512-lBN9zLN/oAf68o3zNXYrdCt1kP8WsiGW8Oo2ka41b2IM5JL/S1CTyX1rW0mb/zSuJun0ZUrDxx4sqvYS2FWzPA=="
        }
      }
    },
    "react": {
      "version": "17.0.1",
      "resolved": "https://registry.npmjs.org/react/-/react-17.0.1.tgz",
      "integrity": "sha512-lG9c9UuMHdcAexXtigOZLX8exLWkW0Ku29qPRU8uhF2R9BN96dLCt0psvzPLlHc5OWkgymP3qwTRgbnw5BKx3w==",
      "requires": {
        "loose-envify": "^1.1.0",
        "object-assign": "^4.1.1"
      },
      "dependencies": {
        "js-tokens": {
          "version": "4.0.0",
          "resolved": "https://registry.npmjs.org/js-tokens/-/js-tokens-4.0.0.tgz",
          "integrity": "sha512-RdJUflcE3cUzKiMqQgsCu06FPu9UdIJO0beYbPhHN4k6apgJtifcoCtT9bcxOpYBtpD2kCM6Sbzg4CausW/PKQ=="
        },
        "loose-envify": {
          "version": "1.4.0",
          "resolved": "https://registry.npmjs.org/loose-envify/-/loose-envify-1.4.0.tgz",
          "integrity": "sha512-lyuxPGr/Wfhrlem2CL/UcnUc1zcqKAImBDzukY7Y5F/yQiNdko6+fRLevlw1HgMySw7f611UIY408EtxRSoK3Q==",
          "requires": {
            "js-tokens": "^3.0.0 || ^4.0.0"
          }
        },
        "object-assign": {
          "version": "4.1.1",
          "resolved": "https://registry.npmjs.org/object-assign/-/object-assign-4.1.1.tgz",
          "integrity": "sha1-IQmtx5ZYh8/AXLvUQsrIv7s2CGM="
        }
      }
    },
    "react-dom": {
      "version": "17.0.1",
      "resolved": "https://registry.npmjs.org/react-dom/-/react-dom-17.0.1.tgz",
      "integrity": "sha512-6eV150oJZ9U2t9svnsspTMrWNyHc6chX0KzDeAOXftRa8bNeOKTTfCJ7KorIwenkHd2xqVTBTCZd79yk/lx/Ug==",
      "requires": {
        "loose-envify": "^1.1.0",
        "object-assign": "^4.1.1",
        "scheduler": "^0.20.1"
      },
      "dependencies": {
        "js-tokens": {
          "version": "4.0.0",
          "resolved": "https://registry.npmjs.org/js-tokens/-/js-tokens-4.0.0.tgz",
          "integrity": "sha512-RdJUflcE3cUzKiMqQgsCu06FPu9UdIJO0beYbPhHN4k6apgJtifcoCtT9bcxOpYBtpD2kCM6Sbzg4CausW/PKQ=="
        },
        "loose-envify": {
          "version": "1.4.0",
          "resolved": "https://registry.npmjs.org/loose-envify/-/loose-envify-1.4.0.tgz",
          "integrity": "sha512-lyuxPGr/Wfhrlem2CL/UcnUc1zcqKAImBDzukY7Y5F/yQiNdko6+fRLevlw1HgMySw7f611UIY408EtxRSoK3Q==",
          "requires": {
            "js-tokens": "^3.0.0 || ^4.0.0"
          }
        },
        "object-assign": {
          "version": "4.1.1",
          "resolved": "https://registry.npmjs.org/object-assign/-/object-assign-4.1.1.tgz",
          "integrity": "sha1-IQmtx5ZYh8/AXLvUQsrIv7s2CGM="
        },
        "scheduler": {
          "version": "0.20.2",
          "resolved": "https://registry.npmjs.org/scheduler/-/scheduler-0.20.2.tgz",
          "integrity": "sha512-2eWfGgAqqWFGqtdMmcL5zCMK1U8KlXv8SQFGglL3CEtd0aDVDWgeF/YoCmvln55m5zSk3J/20hTaSBeSObsQDQ==",
          "requires": {
            "loose-envify": "^1.1.0",
            "object-assign": "^4.1.1"
          }
        }
      }
    },
    "to-fast-properties": {
      "version": "2.0.0",
      "resolved": "https://registry.npmjs.org/to-fast-properties/-/to-fast-properties-2.0.0.tgz",
      "integrity": "sha1-3F5pjL0HkmW8c+A3doGk5Og/YW4=",
      "dev": true
    }
  }
}
